
Microsoft Visual Studio Solution File, Format Version 12.00
# Visual Studio Version 17
VisualStudioVersion = 17.8.34316.72
MinimumVisualStudioVersion = 10.0.40219.1
Project("{FAE04EC0-301F-11D3-BF4B-00C04F79EFBC}") = "Modules", "ClassLibrary1\Modules.csproj", "{5BCB5CAC-1D03-44A4-8C32-5DEE65CDB2F1}"
EndProject
Global
	GlobalSection(SolutionConfigurationPlatforms) = preSolution
		Debug|Any CPU = Debug|Any CPU
		Release|Any CPU = Release|Any CPU
	EndGlobalSection
	GlobalSection(ProjectConfigurationPlatforms) = postSolution
		{5BCB5CAC-1D03-44A4-8C32-5DEE65CDB2F1}.Debug|Any CPU.ActiveCfg = Debug|Any CPU
		{5BCB5CAC-1D03-44A4-8C32-5DEE65CDB2F1}.Debug|Any CPU.Build.0 = Debug|Any CPU
		{5BCB5CAC-1D03-44A4-8C32-5DEE65CDB2F1}.Release|Any CPU.ActiveCfg = Release|Any CPU
		{5BCB5CAC-1D03-44A4-8C32-5DEE65CDB2F1}.Release|Any CPU.Build.0 = Release|Any CPU
	EndGlobalSection
	GlobalSection(SolutionProperties) = preSolution
		HideSolutionNode = FALSE
	EndGlobalSection
	GlobalSection(ExtensibilityGlobals) = postSolution
		SolutionGuid = {CF48A43A-94E1-4248-B44E-F02693A10AA6}
	EndGlobalSection
EndGlobal
